
Microsoft Visual Studio Solution File, Format Version 12.00
# Visual Studio 2012
Project("{2150E333-8FDC-42A3-9474-1A3956D46DE8}") = "src", "src", "{1266BB88-8348-4DA0-BDD1-04D85D32216D}"
EndProject
Project("{2150E333-8FDC-42A3-9474-1A3956D46DE8}") = "test", "test", "{8EA6397F-156D-4CEF-B720-98F168D317F8}"
EndProject
Project("{FAE04EC0-301F-11D3-BF4B-00C04F79EFBC}") = "MobileWorld.UI", "src\MobileWorld.UI\MobileWorld.UI.csproj", "{302D1C06-F33A-42F5-94D4-2EFF17014D43}"
EndProject
Project("{FAE04EC0-301F-11D3-BF4B-00C04F79EFBC}") = "MobileWorld.UITests", "test\ui\MobileWorld.UITests\MobileWorld.UITests.csproj", "{B19C892E-2628-4CA7-AD27-08D406A3B14B}"
EndProject
Project("{2150E333-8FDC-42A3-9474-1A3956D46DE8}") = "targets", "targets", "{7ABCED69-25CA-4783-9C35-7D126F77F989}"
EndProject
Project("{FAE04EC0-301F-11D3-BF4B-00C04F79EFBC}") = "MobileWorld.iOS", "src\MobileWorld.iOS\MobileWorld.iOS.csproj", "{E254F015-4733-4181-A1EC-BEA1D39279CC}"
EndProject
Project("{FAE04EC0-301F-11D3-BF4B-00C04F79EFBC}") = "MobileWorld.Android", "src\MobileWorld.Android\MobileWorld.Android.csproj", "{50E752BC-BCC6-4BF5-AF86-2D96444B7DED}"
EndProject
Project("{2150E333-8FDC-42A3-9474-1A3956D46DE8}") = "solution", "solution", "{4136D703-1539-42AF-9F19-B490F13DA2FC}"
ProjectSection(SolutionItems) = preProject
	build.ps1 = build.ps1
	build.sh = build.sh
	GitVersion.yml = GitVersion.yml
	LICENSE = LICENSE
	README.md = README.md
	recipe.cake = recipe.cake
EndProjectSection
EndProject
Global
	GlobalSection(SolutionConfigurationPlatforms) = preSolution
		Debug|Any CPU = Debug|Any CPU
		Release|Any CPU = Release|Any CPU
		Debug|iPhoneSimulator = Debug|iPhoneSimulator
		Release|iPhoneSimulator = Release|iPhoneSimulator
		Debug|iPhone = Debug|iPhone
		Release|iPhone = Release|iPhone
	EndGlobalSection
	GlobalSection(ProjectConfigurationPlatforms) = postSolution
		{302D1C06-F33A-42F5-94D4-2EFF17014D43}.Debug|Any CPU.ActiveCfg = Debug|Any CPU
		{302D1C06-F33A-42F5-94D4-2EFF17014D43}.Debug|Any CPU.Build.0 = Debug|Any CPU
		{302D1C06-F33A-42F5-94D4-2EFF17014D43}.Release|Any CPU.ActiveCfg = Release|Any CPU
		{302D1C06-F33A-42F5-94D4-2EFF17014D43}.Release|Any CPU.Build.0 = Release|Any CPU
		{302D1C06-F33A-42F5-94D4-2EFF17014D43}.Debug|iPhoneSimulator.ActiveCfg = Debug|Any CPU
		{302D1C06-F33A-42F5-94D4-2EFF17014D43}.Debug|iPhoneSimulator.Build.0 = Debug|Any CPU
		{302D1C06-F33A-42F5-94D4-2EFF17014D43}.Release|iPhoneSimulator.ActiveCfg = Release|Any CPU
		{302D1C06-F33A-42F5-94D4-2EFF17014D43}.Release|iPhoneSimulator.Build.0 = Release|Any CPU
		{302D1C06-F33A-42F5-94D4-2EFF17014D43}.Debug|iPhone.ActiveCfg = Debug|Any CPU
		{302D1C06-F33A-42F5-94D4-2EFF17014D43}.Debug|iPhone.Build.0 = Debug|Any CPU
		{302D1C06-F33A-42F5-94D4-2EFF17014D43}.Release|iPhone.ActiveCfg = Release|Any CPU
		{302D1C06-F33A-42F5-94D4-2EFF17014D43}.Release|iPhone.Build.0 = Release|Any CPU
		{B19C892E-2628-4CA7-AD27-08D406A3B14B}.Debug|Any CPU.ActiveCfg = Debug|Any CPU
		{B19C892E-2628-4CA7-AD27-08D406A3B14B}.Debug|Any CPU.Build.0 = Debug|Any CPU
		{B19C892E-2628-4CA7-AD27-08D406A3B14B}.Release|Any CPU.ActiveCfg = Release|Any CPU
		{B19C892E-2628-4CA7-AD27-08D406A3B14B}.Release|Any CPU.Build.0 = Release|Any CPU
		{B19C892E-2628-4CA7-AD27-08D406A3B14B}.Debug|iPhoneSimulator.ActiveCfg = Debug|Any CPU
		{B19C892E-2628-4CA7-AD27-08D406A3B14B}.Debug|iPhoneSimulator.Build.0 = Debug|Any CPU
		{B19C892E-2628-4CA7-AD27-08D406A3B14B}.Release|iPhoneSimulator.ActiveCfg = Release|Any CPU
		{B19C892E-2628-4CA7-AD27-08D406A3B14B}.Release|iPhoneSimulator.Build.0 = Release|Any CPU
		{B19C892E-2628-4CA7-AD27-08D406A3B14B}.Debug|iPhone.ActiveCfg = Debug|Any CPU
		{B19C892E-2628-4CA7-AD27-08D406A3B14B}.Debug|iPhone.Build.0 = Debug|Any CPU
		{B19C892E-2628-4CA7-AD27-08D406A3B14B}.Release|iPhone.ActiveCfg = Release|Any CPU
		{B19C892E-2628-4CA7-AD27-08D406A3B14B}.Release|iPhone.Build.0 = Release|Any CPU
		{E254F015-4733-4181-A1EC-BEA1D39279CC}.Debug|Any CPU.ActiveCfg = Debug|iPhoneSimulator
		{E254F015-4733-4181-A1EC-BEA1D39279CC}.Debug|Any CPU.Build.0 = Debug|iPhoneSimulator
		{E254F015-4733-4181-A1EC-BEA1D39279CC}.Release|Any CPU.ActiveCfg = Release|iPhoneSimulator
		{E254F015-4733-4181-A1EC-BEA1D39279CC}.Release|Any CPU.Build.0 = Release|iPhoneSimulator
		{E254F015-4733-4181-A1EC-BEA1D39279CC}.Debug|iPhoneSimulator.ActiveCfg = Debug|iPhoneSimulator
		{E254F015-4733-4181-A1EC-BEA1D39279CC}.Debug|iPhoneSimulator.Build.0 = Debug|iPhoneSimulator
		{E254F015-4733-4181-A1EC-BEA1D39279CC}.Release|iPhoneSimulator.ActiveCfg = Release|iPhoneSimulator
		{E254F015-4733-4181-A1EC-BEA1D39279CC}.Release|iPhoneSimulator.Build.0 = Release|iPhoneSimulator
		{E254F015-4733-4181-A1EC-BEA1D39279CC}.Debug|iPhone.ActiveCfg = Debug|iPhone
		{E254F015-4733-4181-A1EC-BEA1D39279CC}.Debug|iPhone.Build.0 = Debug|iPhone
		{E254F015-4733-4181-A1EC-BEA1D39279CC}.Release|iPhone.ActiveCfg = Release|iPhone
		{E254F015-4733-4181-A1EC-BEA1D39279CC}.Release|iPhone.Build.0 = Release|iPhone
		{50E752BC-BCC6-4BF5-AF86-2D96444B7DED}.Debug|Any CPU.ActiveCfg = Debug|Any CPU
		{50E752BC-BCC6-4BF5-AF86-2D96444B7DED}.Debug|Any CPU.Build.0 = Debug|Any CPU
		{50E752BC-BCC6-4BF5-AF86-2D96444B7DED}.Release|Any CPU.ActiveCfg = Release|Any CPU
		{50E752BC-BCC6-4BF5-AF86-2D96444B7DED}.Release|Any CPU.Build.0 = Release|Any CPU
		{50E752BC-BCC6-4BF5-AF86-2D96444B7DED}.Debug|iPhoneSimulator.ActiveCfg = Debug|Any CPU
		{50E752BC-BCC6-4BF5-AF86-2D96444B7DED}.Debug|iPhoneSimulator.Build.0 = Debug|Any CPU
		{50E752BC-BCC6-4BF5-AF86-2D96444B7DED}.Release|iPhoneSimulator.ActiveCfg = Release|Any CPU
		{50E752BC-BCC6-4BF5-AF86-2D96444B7DED}.Release|iPhoneSimulator.Build.0 = Release|Any CPU
		{50E752BC-BCC6-4BF5-AF86-2D96444B7DED}.Debug|iPhone.ActiveCfg = Debug|Any CPU
		{50E752BC-BCC6-4BF5-AF86-2D96444B7DED}.Debug|iPhone.Build.0 = Debug|Any CPU
		{50E752BC-BCC6-4BF5-AF86-2D96444B7DED}.Release|iPhone.ActiveCfg = Release|Any CPU
		{50E752BC-BCC6-4BF5-AF86-2D96444B7DED}.Release|iPhone.Build.0 = Release|Any CPU
	EndGlobalSection
	GlobalSection(NestedProjects) = preSolution
		{302D1C06-F33A-42F5-94D4-2EFF17014D43} = {1266BB88-8348-4DA0-BDD1-04D85D32216D}
		{B19C892E-2628-4CA7-AD27-08D406A3B14B} = {8EA6397F-156D-4CEF-B720-98F168D317F8}
		{E254F015-4733-4181-A1EC-BEA1D39279CC} = {7ABCED69-25CA-4783-9C35-7D126F77F989}
		{50E752BC-BCC6-4BF5-AF86-2D96444B7DED} = {7ABCED69-25CA-4783-9C35-7D126F77F989}
	EndGlobalSection
EndGlobal
