
Microsoft Visual Studio Solution File, Format Version 12.00
# Visual Studio 2012
Project("{FAE04EC0-301F-11D3-BF4B-00C04F79EFBC}") = "MobileWorld", "MobileWorld\MobileWorld.csproj", "{7955B105-21BE-442E-9093-C60AC725638C}"
EndProject
Project("{FAE04EC0-301F-11D3-BF4B-00C04F79EFBC}") = "MobileWorld.iOS", "iOS\MobileWorld.iOS.csproj", "{B156A2E0-5795-4771-8F8E-CF2A76F051D4}"
EndProject
Project("{FAE04EC0-301F-11D3-BF4B-00C04F79EFBC}") = "MobileWorld.Droid", "Droid\MobileWorld.Droid.csproj", "{D1119A70-FBE2-4CB5-8436-7D9C4E1BF20D}"
EndProject
Project("{FAE04EC0-301F-11D3-BF4B-00C04F79EFBC}") = "MobileWorld.UITests", "UITests\MobileWorld.UITests.csproj", "{B7C90649-D5B8-47AD-91BF-7C128096E697}"
EndProject
Global
	GlobalSection(SolutionConfigurationPlatforms) = preSolution
		Debug|Any CPU = Debug|Any CPU
		Release|Any CPU = Release|Any CPU
		Debug|iPhoneSimulator = Debug|iPhoneSimulator
		Release|iPhone = Release|iPhone
		Release|iPhoneSimulator = Release|iPhoneSimulator
		Debug|iPhone = Debug|iPhone
	EndGlobalSection
	GlobalSection(ProjectConfigurationPlatforms) = postSolution
		{7955B105-21BE-442E-9093-C60AC725638C}.Debug|Any CPU.ActiveCfg = Debug|Any CPU
		{7955B105-21BE-442E-9093-C60AC725638C}.Debug|Any CPU.Build.0 = Debug|Any CPU
		{7955B105-21BE-442E-9093-C60AC725638C}.Debug|iPhone.ActiveCfg = Debug|Any CPU
		{7955B105-21BE-442E-9093-C60AC725638C}.Debug|iPhone.Build.0 = Debug|Any CPU
		{7955B105-21BE-442E-9093-C60AC725638C}.Debug|iPhoneSimulator.ActiveCfg = Debug|Any CPU
		{7955B105-21BE-442E-9093-C60AC725638C}.Debug|iPhoneSimulator.Build.0 = Debug|Any CPU
		{7955B105-21BE-442E-9093-C60AC725638C}.Release|Any CPU.ActiveCfg = Release|Any CPU
		{7955B105-21BE-442E-9093-C60AC725638C}.Release|Any CPU.Build.0 = Release|Any CPU
		{7955B105-21BE-442E-9093-C60AC725638C}.Release|iPhone.ActiveCfg = Release|Any CPU
		{7955B105-21BE-442E-9093-C60AC725638C}.Release|iPhone.Build.0 = Release|Any CPU
		{7955B105-21BE-442E-9093-C60AC725638C}.Release|iPhoneSimulator.ActiveCfg = Release|Any CPU
		{7955B105-21BE-442E-9093-C60AC725638C}.Release|iPhoneSimulator.Build.0 = Release|Any CPU
		{B156A2E0-5795-4771-8F8E-CF2A76F051D4}.Debug|Any CPU.ActiveCfg = Debug|iPhoneSimulator
		{B156A2E0-5795-4771-8F8E-CF2A76F051D4}.Debug|Any CPU.Build.0 = Debug|iPhoneSimulator
		{B156A2E0-5795-4771-8F8E-CF2A76F051D4}.Debug|iPhone.ActiveCfg = Debug|iPhone
		{B156A2E0-5795-4771-8F8E-CF2A76F051D4}.Debug|iPhone.Build.0 = Debug|iPhone
		{B156A2E0-5795-4771-8F8E-CF2A76F051D4}.Debug|iPhoneSimulator.ActiveCfg = Debug|iPhoneSimulator
		{B156A2E0-5795-4771-8F8E-CF2A76F051D4}.Debug|iPhoneSimulator.Build.0 = Debug|iPhoneSimulator
		{B156A2E0-5795-4771-8F8E-CF2A76F051D4}.Release|Any CPU.ActiveCfg = Release|iPhone
		{B156A2E0-5795-4771-8F8E-CF2A76F051D4}.Release|Any CPU.Build.0 = Release|iPhone
		{B156A2E0-5795-4771-8F8E-CF2A76F051D4}.Release|iPhone.ActiveCfg = Release|iPhone
		{B156A2E0-5795-4771-8F8E-CF2A76F051D4}.Release|iPhone.Build.0 = Release|iPhone
		{B156A2E0-5795-4771-8F8E-CF2A76F051D4}.Release|iPhoneSimulator.ActiveCfg = Release|iPhoneSimulator
		{B156A2E0-5795-4771-8F8E-CF2A76F051D4}.Release|iPhoneSimulator.Build.0 = Release|iPhoneSimulator
		{B7C90649-D5B8-47AD-91BF-7C128096E697}.Debug|Any CPU.ActiveCfg = Debug|Any CPU
		{B7C90649-D5B8-47AD-91BF-7C128096E697}.Debug|Any CPU.Build.0 = Debug|Any CPU
		{B7C90649-D5B8-47AD-91BF-7C128096E697}.Debug|iPhone.ActiveCfg = Debug|Any CPU
		{B7C90649-D5B8-47AD-91BF-7C128096E697}.Debug|iPhone.Build.0 = Debug|Any CPU
		{B7C90649-D5B8-47AD-91BF-7C128096E697}.Debug|iPhoneSimulator.ActiveCfg = Debug|Any CPU
		{B7C90649-D5B8-47AD-91BF-7C128096E697}.Debug|iPhoneSimulator.Build.0 = Debug|Any CPU
		{B7C90649-D5B8-47AD-91BF-7C128096E697}.Release|Any CPU.ActiveCfg = Release|Any CPU
		{B7C90649-D5B8-47AD-91BF-7C128096E697}.Release|Any CPU.Build.0 = Release|Any CPU
		{B7C90649-D5B8-47AD-91BF-7C128096E697}.Release|iPhone.ActiveCfg = Release|Any CPU
		{B7C90649-D5B8-47AD-91BF-7C128096E697}.Release|iPhone.Build.0 = Release|Any CPU
		{B7C90649-D5B8-47AD-91BF-7C128096E697}.Release|iPhoneSimulator.ActiveCfg = Release|Any CPU
		{B7C90649-D5B8-47AD-91BF-7C128096E697}.Release|iPhoneSimulator.Build.0 = Release|Any CPU
		{D1119A70-FBE2-4CB5-8436-7D9C4E1BF20D}.Debug|Any CPU.ActiveCfg = Debug|Any CPU
		{D1119A70-FBE2-4CB5-8436-7D9C4E1BF20D}.Debug|Any CPU.Build.0 = Debug|Any CPU
		{D1119A70-FBE2-4CB5-8436-7D9C4E1BF20D}.Debug|iPhone.ActiveCfg = Debug|Any CPU
		{D1119A70-FBE2-4CB5-8436-7D9C4E1BF20D}.Debug|iPhone.Build.0 = Debug|Any CPU
		{D1119A70-FBE2-4CB5-8436-7D9C4E1BF20D}.Debug|iPhoneSimulator.ActiveCfg = Debug|Any CPU
		{D1119A70-FBE2-4CB5-8436-7D9C4E1BF20D}.Debug|iPhoneSimulator.Build.0 = Debug|Any CPU
		{D1119A70-FBE2-4CB5-8436-7D9C4E1BF20D}.Release|Any CPU.ActiveCfg = Release|Any CPU
		{D1119A70-FBE2-4CB5-8436-7D9C4E1BF20D}.Release|Any CPU.Build.0 = Release|Any CPU
		{D1119A70-FBE2-4CB5-8436-7D9C4E1BF20D}.Release|iPhone.ActiveCfg = Release|Any CPU
		{D1119A70-FBE2-4CB5-8436-7D9C4E1BF20D}.Release|iPhone.Build.0 = Release|Any CPU
		{D1119A70-FBE2-4CB5-8436-7D9C4E1BF20D}.Release|iPhoneSimulator.ActiveCfg = Release|Any CPU
		{D1119A70-FBE2-4CB5-8436-7D9C4E1BF20D}.Release|iPhoneSimulator.Build.0 = Release|Any CPU
	EndGlobalSection
EndGlobal
